Microsoft Visual Studio Solution File, Format Version 8.00
Project("{8BC9CEB8-8B4A-11D0-8D11-00A0C91BC942}") = "Projet POO", "CAT3D.vcproj", "{21943E03-2323-4870-AEB3-ECD371F8ED10}"
	ProjectSection(ProjectDependencies) = postProject
	EndProjectSection
EndProject
Global
	GlobalSection(SolutionConfiguration) = preSolution
		Debug = Debug
		Release = Release
	EndGlobalSection
	GlobalSection(ProjectConfiguration) = postSolution
		{21943E03-2323-4870-AEB3-ECD371F8ED10}.Debug.ActiveCfg = Debug|Win32
		{21943E03-2323-4870-AEB3-ECD371F8ED10}.Debug.Build.0 = Debug|Win32
		{21943E03-2323-4870-AEB3-ECD371F8ED10}.Release.ActiveCfg = Release|Win32
		{21943E03-2323-4870-AEB3-ECD371F8ED10}.Release.Build.0 = Release|Win32
	EndGlobalSection
	GlobalSection(ExtensibilityGlobals) = postSolution
	EndGlobalSection
	GlobalSection(ExtensibilityAddIns) = postSolution
	EndGlobalSection
EndGlobal
